# THIS IS AN AUTOGENERATED FILE. DO NOT EDIT THIS FILE DIRECTLY.
# yarn lockfile v1


jsonc-parser@^3.0.0:
  version "3.0.0"
  resolved "https://registry.yarnpkg.com/jsonc-parser/-/jsonc-parser-3.0.0.tgz#abdd785701c7e7eaca8a9ec8cf070ca51a745a22"
  integrity sha512-fQzRfAbIBnR0IQvftw9FJveWiHp72Fg20giDrHz6TdfB12UH/uue0D3hm57UB5KgAVuniLMCaS8P1IMj9NR7cA==

request-light@^0.5.4:
  version "0.5.4"
  resolved "https://registry.yarnpkg.com/request-light/-/request-light-0.5.4.tgz#497a98c6d8ae49536417a5e2d7f383b934f3e38c"
  integrity sha512-t3566CMweOFlUk7Y1DJMu5OrtpoZEb6aSTsLQVT3wtrIEJ5NhcY9G/Oqxvjllzl4a15zXfFlcr9q40LbLVQJqw==

typescript@^4.0.5:
  version "4.4.4"
  resolved "https://registry.yarnpkg.com/typescript/-/typescript-4.4.4.tgz#2cd01a1a1f160704d3101fd5a58ff0f9fcb8030c"
  integrity sha512-DqGhF5IKoBl8WNf8C1gu8q0xZSInh9j1kJJMqT3a94w1JzVaBU4EXOSMrz9yDqMT0xt3selp83fuFMQ0uzv6qA==

vscode-css-languageservice@^5.1.7:
  version "5.1.7"
  resolved "https://registry.yarnpkg.com/vscode-css-languageservice/-/vscode-css-languageservice-5.1.7.tgz#ebbf803b03fde539bd683588cd2da6c4a61b90e2"
  integrity sha512-h4oafcZaGFe2VtbNIlkZDmLEP0GQha3E5Ct2YMH4p/p9xYC8yWDNQ5CD+VF3UnSijKPSKmA+oc4cKjhJBowGKw==
  dependencies:
    vscode-languageserver-textdocument "^1.0.1"
    vscode-languageserver-types "^3.16.0"
    vscode-nls "^5.0.0"
    vscode-uri "^3.0.2"

vscode-html-languageservice@^4.1.0:
  version "4.1.0"
  resolved "https://registry.yarnpkg.com/vscode-html-languageservice/-/vscode-html-languageservice-4.1.0.tgz#e1662f1ff3b623b910c54d3f4a2aad8f397e53d7"
  integrity sha512-QQrEKfpfbeglD8Jcai4fQDQ7vOJrN6LyiOs47Y6qAxnhve+ervw1kP2UCt9ohHe/6teNWJDYTGxLDgs5iAvitw==
  dependencies:
    vscode-languageserver-textdocument "^1.0.1"
    vscode-languageserver-types "^3.16.0"
    vscode-nls "^5.0.0"
    vscode-uri "^3.0.2"

vscode-json-languageservice@^4.1.8:
  version "4.1.8"
  resolved "https://registry.yarnpkg.com/vscode-json-languageservice/-/vscode-json-languageservice-4.1.8.tgz#397a39238d496e3e08a544a8b93df2cd13347d0c"
  integrity sha512-0vSpg6Xd9hfV+eZAaYN63xVVMOTmJ4GgHxXnkLCh+9RsQBkWKIghzLhW2B9ebfG+LQQg8uLtsQ2aUKjTgE+QOg==
  dependencies:
    jsonc-parser "^3.0.0"
    vscode-languageserver-textdocument "^1.0.1"
    vscode-languageserver-types "^3.16.0"
    vscode-nls "^5.0.0"
    vscode-uri "^3.0.2"

vscode-jsonrpc@8.0.0-next.3:
  version "8.0.0-next.3"
  resolved "https://registry.yarnpkg.com/vscode-jsonrpc/-/vscode-jsonrpc-8.0.0-next.3.tgz#b55edff0e550b03f3804aade44aca2699af27255"
  integrity sha512-2wRiBR5tZAXZ4UxIO4F0cT/zN6OpruoWO0vc7EpQZxVfumb0pYiSegB+PaOzXCuFQzh7YEshW/XMg4zTz3FGVQ==

vscode-langservers-extracted@^3.0.0:
  version "3.0.0"
  resolved "https://registry.yarnpkg.com/vscode-langservers-extracted/-/vscode-langservers-extracted-3.0.0.tgz#cde03beaf645219f4c467c77d4d113393e98b29c"
  integrity sha512-iu39jFf+P1n9gf8UDkgZPnQwUiqeOvOuwFuO5kYMopA1DTGliqonXMxGX6RwYLfRrBQQBbu+pyoc89cF1V96Og==
  dependencies:
    jsonc-parser "^3.0.0"
    request-light "^0.5.4"
    typescript "^4.0.5"
    vscode-css-languageservice "^5.1.7"
    vscode-html-languageservice "^4.1.0"
    vscode-json-languageservice "^4.1.8"
    vscode-languageserver "^8.0.0-next.2"
    vscode-languageserver-textdocument "^1.0.1"
    vscode-nls "^5.0.0"
    vscode-uri "^3.0.2"

vscode-languageserver-protocol@3.17.0-next.9:
  version "3.17.0-next.9"
  resolved "https://registry.yarnpkg.com/vscode-languageserver-protocol/-/vscode-languageserver-protocol-3.17.0-next.9.tgz#0fd4ad43611c96acd83d8d998dbe76668f60e604"
  integrity sha512-DGkRmbI1hRBMY6HU6MOyza5AvYp0+HcbMf2qdmI98luyQJ26dOfHY5K38OS4hlTHhdJg9RypTQ/uBbLZehmn1Q==
  dependencies:
    vscode-jsonrpc "8.0.0-next.3"
    vscode-languageserver-types "3.17.0-next.4"

vscode-languageserver-textdocument@^1.0.1:
  version "1.0.2"
  resolved "https://registry.yarnpkg.com/vscode-languageserver-textdocument/-/vscode-languageserver-textdocument-1.0.2.tgz#2f9f6bd5b5eb3d8e21424c0c367009216f016236"
  integrity sha512-T7uPC18+f8mYE4lbVZwb3OSmvwTZm3cuFhrdx9Bn2l11lmp3SvSuSVjy2JtvrghzjAo4G6Trqny2m9XGnFnWVA==

vscode-languageserver-types@3.17.0-next.4:
  version "3.17.0-next.4"
  resolved "https://registry.yarnpkg.com/vscode-languageserver-types/-/vscode-languageserver-types-3.17.0-next.4.tgz#f6788b375ec163da8b381f2f3e3f547cbc7fbeec"
  integrity sha512-MraVkZDhfqa3ftnKW9rEDeqsV+ji8OrtEjx6mVjzVGm5U2XXT+mdqDWyQ+y0Gvb2/aa2oJJQyTAaDmRTUKiUbg==

vscode-languageserver-types@^3.16.0:
  version "3.16.0"
  resolved "https://registry.yarnpkg.com/vscode-languageserver-types/-/vscode-languageserver-types-3.16.0.tgz#ecf393fc121ec6974b2da3efb3155644c514e247"
  integrity sha512-k8luDIWJWyenLc5ToFQQMaSrqCHiLwyKPHKPQZ5zz21vM+vIVUSvsRpcbiECH4WR88K2XZqc4ScRcZ7nk/jbeA==

vscode-languageserver@^8.0.0-next.2:
  version "8.0.0-next.3"
  resolved "https://registry.yarnpkg.com/vscode-languageserver/-/vscode-languageserver-8.0.0-next.3.tgz#36c701a6844ec269505539e3b84a37693760a52f"
  integrity sha512-uxL/tKUa/gRdvQINVmMnK32d6LwfTPTvF7l1iZIFDuAdhGrQ+Po+4lS3w4hwQSeUmapM1WMELXNBFca/u3H5Uw==
  dependencies:
    vscode-languageserver-protocol "3.17.0-next.9"

vscode-nls@^5.0.0:
  version "5.0.0"
  resolved "https://registry.yarnpkg.com/vscode-nls/-/vscode-nls-5.0.0.tgz#99f0da0bd9ea7cda44e565a74c54b1f2bc257840"
  integrity sha512-u0Lw+IYlgbEJFF6/qAqG2d1jQmJl0eyAGJHoAJqr2HT4M2BNuQYSEiSE75f52pXHSJm8AlTjnLLbBFPrdz2hpA==

vscode-uri@^3.0.2:
  version "3.0.2"
  resolved "https://registry.yarnpkg.com/vscode-uri/-/vscode-uri-3.0.2.tgz#ecfd1d066cb8ef4c3a208decdbab9a8c23d055d0"
  integrity sha512-jkjy6pjU1fxUvI51P+gCsxg1u2n8LSt0W6KrCNQceaziKzff74GoWmjVG46KieVzybO1sttPQmYfrwSHey7GUA==
