# THIS IS AN AUTOGENERATED FILE. DO NOT EDIT THIS FILE DIRECTLY.
# yarn lockfile v1


pyright@^1.1.178:
  version "1.1.178"
  resolved "https://registry.yarnpkg.com/pyright/-/pyright-1.1.178.tgz#0c3db46989ae59c01643f5b9778c6b43a56696c7"
  integrity sha512-OhEoC5HfKZqvY5GVCsHeroYDx85xp4CZwevhNsePxNzZyW+W491K4bfLTvuOBnvcnMWip+aMQ7zzFDkw74Gtkg==
